
Microsoft Visual Studio Solution File, Format Version 12.00
# Visual Studio Version 17
VisualStudioVersion = 17.11.35222.181
MinimumVisualStudioVersion = 10.0.40219.1
Project("{FAE04EC0-301F-11D3-BF4B-00C04F79EFBC}") = "NhienDentistry.Web", "NhienDentistry.Web\NhienDentistry.Web.csproj", "{561F8FE5-B4B3-4E1A-AE4B-673F86EE0D51}"
EndProject
Global
	GlobalSection(SolutionConfigurationPlatforms) = preSolution
		Debug|Any CPU = Debug|Any CPU
		Release|Any CPU = Release|Any CPU
	EndGlobalSection
	GlobalSection(ProjectConfigurationPlatforms) = postSolution
		{561F8FE5-B4B3-4E1A-AE4B-673F86EE0D51}.Debug|Any CPU.ActiveCfg = Debug|Any CPU
		{561F8FE5-B4B3-4E1A-AE4B-673F86EE0D51}.Debug|Any CPU.Build.0 = Debug|Any CPU
		{561F8FE5-B4B3-4E1A-AE4B-673F86EE0D51}.Release|Any CPU.ActiveCfg = Release|Any CPU
		{561F8FE5-B4B3-4E1A-AE4B-673F86EE0D51}.Release|Any CPU.Build.0 = Release|Any CPU
	EndGlobalSection
	GlobalSection(SolutionProperties) = preSolution
		HideSolutionNode = FALSE
	EndGlobalSection
	GlobalSection(ExtensibilityGlobals) = postSolution
		SolutionGuid = {33C78919-825D-4D33-BD07-D65A83D0DB19}
	EndGlobalSection
EndGlobal
